
Microsoft Visual Studio Solution File, Format Version 12.00
# Visual Studio Version 16
VisualStudioVersion = 16.0.30517.126
MinimumVisualStudioVersion = 10.0.40219.1
Project("{FAE04EC0-301F-11D3-BF4B-00C04F79EFBC}") = "1-PrimeiroProjeto", "1-PrimeiroProjeto\1-PrimeiroProjeto.csproj", "{DA2A2394-D3B9-46A0-A952-58D21003C108}"
EndProject
Project("{FAE04EC0-301F-11D3-BF4B-00C04F79EFBC}") = "2-CriandoVariaveis", "2-CriandoVariaveis\2-CriandoVariaveis.csproj", "{5E5C5600-C3A4-46E8-AA25-F37CB92417D0}"
EndProject
Project("{FAE04EC0-301F-11D3-BF4B-00C04F79EFBC}") = "3-CriandoVariaveisPontoFlutuante", "3-CriandoVariaveisPontoFlutuante\3-CriandoVariaveisPontoFlutuante.csproj", "{577E92F0-449C-4AE8-8552-B845932A2DB8}"
EndProject
Project("{FAE04EC0-301F-11D3-BF4B-00C04F79EFBC}") = "4-ConversoesEOutrosTiposNumericos", "4-ConversoesEOutrosTiposNumericos\4-ConversoesEOutrosTiposNumericos.csproj", "{C4F66CBF-BA31-4FE4-B35C-9AAFDAAD6CDC}"
EndProject
Project("{FAE04EC0-301F-11D3-BF4B-00C04F79EFBC}") = "5-CaracteresETextos", "5-CaracteresETextos\5-CaracteresETextos.csproj", "{F42F99AF-4316-44ED-AEB3-8FADC42F382C}"
EndProject
Project("{FAE04EC0-301F-11D3-BF4B-00C04F79EFBC}") = "6-AtribuicaoDeVariaveis", "6-AtribuicaoDeVariaveis\6-AtribuicaoDeVariaveis.csproj", "{06AFEC36-B6AA-4233-B1E2-36583E2A968F}"
EndProject
Project("{FAE04EC0-301F-11D3-BF4B-00C04F79EFBC}") = "7-Condicionais", "7-Condicionais\7-Condicionais.csproj", "{C8D96762-A9D3-44E5-A7AD-547B4A68C52E}"
EndProject
Project("{FAE04EC0-301F-11D3-BF4B-00C04F79EFBC}") = "8-Escopo", "8-Escopo\8-Escopo.csproj", "{C82C11EC-4FFA-44DD-9314-FDB5CD5D8259}"
EndProject
Project("{FAE04EC0-301F-11D3-BF4B-00C04F79EFBC}") = "9-ComandoSwitch", "9-ComandoSwitch\9-ComandoSwitch.csproj", "{DEDF42D2-166F-4A56-8174-73BF2FC7605F}"
EndProject
Project("{FAE04EC0-301F-11D3-BF4B-00C04F79EFBC}") = "P10-CalculaPoupanca", "P10-CalculaPoupanca\P10-CalculaPoupanca.csproj", "{47DF778A-6515-42D5-9258-A0793A75505B}"
EndProject
Project("{FAE04EC0-301F-11D3-BF4B-00C04F79EFBC}") = "P11-CalculaPoupanca2", "CalculaPoupanca2\P11-CalculaPoupanca2.csproj", "{66305832-31C5-4133-AAFE-93BD5B33F2BF}"
EndProject
Global
	GlobalSection(SolutionConfigurationPlatforms) = preSolution
		Debug|Any CPU = Debug|Any CPU
		Release|Any CPU = Release|Any CPU
	EndGlobalSection
	GlobalSection(ProjectConfigurationPlatforms) = postSolution
		{DA2A2394-D3B9-46A0-A952-58D21003C108}.Debug|Any CPU.ActiveCfg = Debug|Any CPU
		{DA2A2394-D3B9-46A0-A952-58D21003C108}.Debug|Any CPU.Build.0 = Debug|Any CPU
		{DA2A2394-D3B9-46A0-A952-58D21003C108}.Release|Any CPU.ActiveCfg = Release|Any CPU
		{DA2A2394-D3B9-46A0-A952-58D21003C108}.Release|Any CPU.Build.0 = Release|Any CPU
		{5E5C5600-C3A4-46E8-AA25-F37CB92417D0}.Debug|Any CPU.ActiveCfg = Debug|Any CPU
		{5E5C5600-C3A4-46E8-AA25-F37CB92417D0}.Debug|Any CPU.Build.0 = Debug|Any CPU
		{5E5C5600-C3A4-46E8-AA25-F37CB92417D0}.Release|Any CPU.ActiveCfg = Release|Any CPU
		{5E5C5600-C3A4-46E8-AA25-F37CB92417D0}.Release|Any CPU.Build.0 = Release|Any CPU
		{577E92F0-449C-4AE8-8552-B845932A2DB8}.Debug|Any CPU.ActiveCfg = Debug|Any CPU
		{577E92F0-449C-4AE8-8552-B845932A2DB8}.Debug|Any CPU.Build.0 = Debug|Any CPU
		{577E92F0-449C-4AE8-8552-B845932A2DB8}.Release|Any CPU.ActiveCfg = Release|Any CPU
		{577E92F0-449C-4AE8-8552-B845932A2DB8}.Release|Any CPU.Build.0 = Release|Any CPU
		{C4F66CBF-BA31-4FE4-B35C-9AAFDAAD6CDC}.Debug|Any CPU.ActiveCfg = Debug|Any CPU
		{C4F66CBF-BA31-4FE4-B35C-9AAFDAAD6CDC}.Debug|Any CPU.Build.0 = Debug|Any CPU
		{C4F66CBF-BA31-4FE4-B35C-9AAFDAAD6CDC}.Release|Any CPU.ActiveCfg = Release|Any CPU
		{C4F66CBF-BA31-4FE4-B35C-9AAFDAAD6CDC}.Release|Any CPU.Build.0 = Release|Any CPU
		{F42F99AF-4316-44ED-AEB3-8FADC42F382C}.Debug|Any CPU.ActiveCfg = Debug|Any CPU
		{F42F99AF-4316-44ED-AEB3-8FADC42F382C}.Debug|Any CPU.Build.0 = Debug|Any CPU
		{F42F99AF-4316-44ED-AEB3-8FADC42F382C}.Release|Any CPU.ActiveCfg = Release|Any CPU
		{F42F99AF-4316-44ED-AEB3-8FADC42F382C}.Release|Any CPU.Build.0 = Release|Any CPU
		{06AFEC36-B6AA-4233-B1E2-36583E2A968F}.Debug|Any CPU.ActiveCfg = Debug|Any CPU
		{06AFEC36-B6AA-4233-B1E2-36583E2A968F}.Debug|Any CPU.Build.0 = Debug|Any CPU
		{06AFEC36-B6AA-4233-B1E2-36583E2A968F}.Release|Any CPU.ActiveCfg = Release|Any CPU
		{06AFEC36-B6AA-4233-B1E2-36583E2A968F}.Release|Any CPU.Build.0 = Release|Any CPU
		{C8D96762-A9D3-44E5-A7AD-547B4A68C52E}.Debug|Any CPU.ActiveCfg = Debug|Any CPU
		{C8D96762-A9D3-44E5-A7AD-547B4A68C52E}.Debug|Any CPU.Build.0 = Debug|Any CPU
		{C8D96762-A9D3-44E5-A7AD-547B4A68C52E}.Release|Any CPU.ActiveCfg = Release|Any CPU
		{C8D96762-A9D3-44E5-A7AD-547B4A68C52E}.Release|Any CPU.Build.0 = Release|Any CPU
		{C82C11EC-4FFA-44DD-9314-FDB5CD5D8259}.Debug|Any CPU.ActiveCfg = Debug|Any CPU
		{C82C11EC-4FFA-44DD-9314-FDB5CD5D8259}.Debug|Any CPU.Build.0 = Debug|Any CPU
		{C82C11EC-4FFA-44DD-9314-FDB5CD5D8259}.Release|Any CPU.ActiveCfg = Release|Any CPU
		{C82C11EC-4FFA-44DD-9314-FDB5CD5D8259}.Release|Any CPU.Build.0 = Release|Any CPU
		{DEDF42D2-166F-4A56-8174-73BF2FC7605F}.Debug|Any CPU.ActiveCfg = Debug|Any CPU
		{DEDF42D2-166F-4A56-8174-73BF2FC7605F}.Debug|Any CPU.Build.0 = Debug|Any CPU
		{DEDF42D2-166F-4A56-8174-73BF2FC7605F}.Release|Any CPU.ActiveCfg = Release|Any CPU
		{DEDF42D2-166F-4A56-8174-73BF2FC7605F}.Release|Any CPU.Build.0 = Release|Any CPU
		{47DF778A-6515-42D5-9258-A0793A75505B}.Debug|Any CPU.ActiveCfg = Debug|Any CPU
		{47DF778A-6515-42D5-9258-A0793A75505B}.Debug|Any CPU.Build.0 = Debug|Any CPU
		{47DF778A-6515-42D5-9258-A0793A75505B}.Release|Any CPU.ActiveCfg = Release|Any CPU
		{47DF778A-6515-42D5-9258-A0793A75505B}.Release|Any CPU.Build.0 = Release|Any CPU
		{66305832-31C5-4133-AAFE-93BD5B33F2BF}.Debug|Any CPU.ActiveCfg = Debug|Any CPU
		{66305832-31C5-4133-AAFE-93BD5B33F2BF}.Debug|Any CPU.Build.0 = Debug|Any CPU
		{66305832-31C5-4133-AAFE-93BD5B33F2BF}.Release|Any CPU.ActiveCfg = Release|Any CPU
		{66305832-31C5-4133-AAFE-93BD5B33F2BF}.Release|Any CPU.Build.0 = Release|Any CPU
	EndGlobalSection
	GlobalSection(SolutionProperties) = preSolution
		HideSolutionNode = FALSE
	EndGlobalSection
	GlobalSection(ExtensibilityGlobals) = postSolution
		SolutionGuid = {401D724E-E79E-459E-910B-48616A65B14E}
	EndGlobalSection
EndGlobal
